{
  "originHash" : "de507e328eafc46b222f874096b4ef2d14ece59102c6f1345e7d3853bb0b312e",
  "pins" : [
    {
      "identity" : "appsflyerframework-dynamic",
      "kind" : "remoteSourceControl",
      "location" : "https://github.com/AppsFlyerSDK/AppsFlyerFramework-Dynamic",
      "state" : {
        "revision" : "d68ea61bd93426d2f18a2d984b72393f9246cf51",
        "version" : "6.15.3"
      }
    },
    {
      "identity" : "onesignal-xcframework",
      "kind" : "remoteSourceControl",
      "location" : "https://github.com/OneSignal/OneSignal-XCFramework",
      "state" : {
        "revision" : "d2c658b43a3caa996927c679ea17e7f4f439b8ad",
        "version" : "5.2.6"
      }
    }
  ],
  "version" : 3
}
